
Microsoft Visual Studio Solution File, Format Version 12.00
# Visual Studio Version 16
VisualStudioVersion = 16.0.29102.190
MinimumVisualStudioVersion = 10.0.40219.1
Project("{FAE04EC0-301F-11D3-BF4B-00C04F79EFBC}") = "ColorPickerTest", "ColorPickerTest\ColorPickerTest.csproj", "{DB390DD1-F207-4317-9355-E0707C8C6B6F}"
EndProject
Project("{FAE04EC0-301F-11D3-BF4B-00C04F79EFBC}") = "ColorPickerLibrary", "ColorPickerLibrary\ColorPickerLibrary.csproj", "{1415D06E-14CE-4B9A-AA99-F1FF5755A2C4}"
EndProject
Project("{FAE04EC0-301F-11D3-BF4B-00C04F79EFBC}") = "Shared", "Shared\Shared.csproj", "{909CA3D6-5671-4863-B1A5-F1FC14DD511E}"
EndProject
Project("{FAE04EC0-301F-11D3-BF4B-00C04F79EFBC}") = "CustomColorPicker.GUI", "CustomColorPicker.GUI\CustomColorPicker.GUI.csproj", "{458DB121-82EC-4A18-ADD1-5A5B615EB974}"
EndProject
Global
	GlobalSection(SolutionConfigurationPlatforms) = preSolution
		Debug|Any CPU = Debug|Any CPU
		Release|Any CPU = Release|Any CPU
	EndGlobalSection
	GlobalSection(ProjectConfigurationPlatforms) = postSolution
		{DB390DD1-F207-4317-9355-E0707C8C6B6F}.Debug|Any CPU.ActiveCfg = Debug|Any CPU
		{DB390DD1-F207-4317-9355-E0707C8C6B6F}.Debug|Any CPU.Build.0 = Debug|Any CPU
		{DB390DD1-F207-4317-9355-E0707C8C6B6F}.Release|Any CPU.ActiveCfg = Release|Any CPU
		{DB390DD1-F207-4317-9355-E0707C8C6B6F}.Release|Any CPU.Build.0 = Release|Any CPU
		{1415D06E-14CE-4B9A-AA99-F1FF5755A2C4}.Debug|Any CPU.ActiveCfg = Debug|Any CPU
		{1415D06E-14CE-4B9A-AA99-F1FF5755A2C4}.Debug|Any CPU.Build.0 = Debug|Any CPU
		{1415D06E-14CE-4B9A-AA99-F1FF5755A2C4}.Release|Any CPU.ActiveCfg = Release|Any CPU
		{1415D06E-14CE-4B9A-AA99-F1FF5755A2C4}.Release|Any CPU.Build.0 = Release|Any CPU
		{909CA3D6-5671-4863-B1A5-F1FC14DD511E}.Debug|Any CPU.ActiveCfg = Debug|Any CPU
		{909CA3D6-5671-4863-B1A5-F1FC14DD511E}.Debug|Any CPU.Build.0 = Debug|Any CPU
		{909CA3D6-5671-4863-B1A5-F1FC14DD511E}.Release|Any CPU.ActiveCfg = Release|Any CPU
		{909CA3D6-5671-4863-B1A5-F1FC14DD511E}.Release|Any CPU.Build.0 = Release|Any CPU
		{458DB121-82EC-4A18-ADD1-5A5B615EB974}.Debug|Any CPU.ActiveCfg = Debug|Any CPU
		{458DB121-82EC-4A18-ADD1-5A5B615EB974}.Debug|Any CPU.Build.0 = Debug|Any CPU
		{458DB121-82EC-4A18-ADD1-5A5B615EB974}.Release|Any CPU.ActiveCfg = Release|Any CPU
		{458DB121-82EC-4A18-ADD1-5A5B615EB974}.Release|Any CPU.Build.0 = Release|Any CPU
	EndGlobalSection
	GlobalSection(SolutionProperties) = preSolution
		HideSolutionNode = FALSE
	EndGlobalSection
	GlobalSection(ExtensibilityGlobals) = postSolution
		SolutionGuid = {981B1BA5-5223-49CB-B348-49357C28BF05}
	EndGlobalSection
EndGlobal
